
Microsoft Visual Studio Solution File, Format Version 12.00
# Visual Studio Version 17
VisualStudioVersion = 17.11.35222.181
MinimumVisualStudioVersion = 10.0.40219.1
Project("{8BC9CEB8-8B4A-11D0-8D11-00A0C91BC942}") = "lab10.1a", "lab10.1a.vcxproj", "{39EC89ED-A5F8-4F22-A988-28325BA43B40}"
EndProject
Project("{8BC9CEB8-8B4A-11D0-8D11-00A0C91BC942}") = "UnitTest10.1a", "..\UnitTest10.1a\UnitTest10.1a.vcxproj", "{FA30E916-295D-4723-BEB7-C985D448E919}"
EndProject
Global
	GlobalSection(SolutionConfigurationPlatforms) = preSolution
		Debug|x64 = Debug|x64
		Debug|x86 = Debug|x86
		Release|x64 = Release|x64
		Release|x86 = Release|x86
	EndGlobalSection
	GlobalSection(ProjectConfigurationPlatforms) = postSolution
		{39EC89ED-A5F8-4F22-A988-28325BA43B40}.Debug|x64.ActiveCfg = Debug|x64
		{39EC89ED-A5F8-4F22-A988-28325BA43B40}.Debug|x64.Build.0 = Debug|x64
		{39EC89ED-A5F8-4F22-A988-28325BA43B40}.Debug|x86.ActiveCfg = Debug|Win32
		{39EC89ED-A5F8-4F22-A988-28325BA43B40}.Debug|x86.Build.0 = Debug|Win32
		{39EC89ED-A5F8-4F22-A988-28325BA43B40}.Release|x64.ActiveCfg = Release|x64
		{39EC89ED-A5F8-4F22-A988-28325BA43B40}.Release|x64.Build.0 = Release|x64
		{39EC89ED-A5F8-4F22-A988-28325BA43B40}.Release|x86.ActiveCfg = Release|Win32
		{39EC89ED-A5F8-4F22-A988-28325BA43B40}.Release|x86.Build.0 = Release|Win32
		{FA30E916-295D-4723-BEB7-C985D448E919}.Debug|x64.ActiveCfg = Debug|x64
		{FA30E916-295D-4723-BEB7-C985D448E919}.Debug|x64.Build.0 = Debug|x64
		{FA30E916-295D-4723-BEB7-C985D448E919}.Debug|x86.ActiveCfg = Debug|Win32
		{FA30E916-295D-4723-BEB7-C985D448E919}.Debug|x86.Build.0 = Debug|Win32
		{FA30E916-295D-4723-BEB7-C985D448E919}.Release|x64.ActiveCfg = Release|x64
		{FA30E916-295D-4723-BEB7-C985D448E919}.Release|x64.Build.0 = Release|x64
		{FA30E916-295D-4723-BEB7-C985D448E919}.Release|x86.ActiveCfg = Release|Win32
		{FA30E916-295D-4723-BEB7-C985D448E919}.Release|x86.Build.0 = Release|Win32
	EndGlobalSection
	GlobalSection(SolutionProperties) = preSolution
		HideSolutionNode = FALSE
	EndGlobalSection
	GlobalSection(ExtensibilityGlobals) = postSolution
		SolutionGuid = {1DDF4222-483E-4448-9F94-D42796B044E7}
	EndGlobalSection
EndGlobal
